
Microsoft Visual Studio Solution File, Format Version 12.00
# Visual Studio 15
VisualStudioVersion = 15.0.26124.0
MinimumVisualStudioVersion = 15.0.26124.0
Project("{2150E333-8FDC-42A3-9474-1A3956D46DE8}") = "src", "src", "{BDBF95BC-E04F-4259-8EE1-BD388172F48D}"
EndProject
Project("{FAE04EC0-301F-11D3-BF4B-00C04F79EFBC}") = "Shackle.Host", "src\Shackle.Host\Shackle.Host.csproj", "{F7B84621-C627-4738-8FA8-E2023E66C386}"
EndProject
Project("{FAE04EC0-301F-11D3-BF4B-00C04F79EFBC}") = "Shackle.Core", "src\Shackle.Core\Shackle.Core.csproj", "{1127C4E8-0049-48AC-9EC9-EAD715D363C7}"
EndProject
Project("{FAE04EC0-301F-11D3-BF4B-00C04F79EFBC}") = "Shackle.Infrastructure", "src\Shackle.Infrastructure\Shackle.Infrastructure.csproj", "{CDE87EA9-1401-4FC1-94D1-78B02D6EFCDE}"
EndProject
Project("{FAE04EC0-301F-11D3-BF4B-00C04F79EFBC}") = "Shackle.Services", "src\Shackle.Services\Shackle.Services.csproj", "{08D2E022-0455-4BA3-A0CD-4D885E822961}"
EndProject
Project("{2150E333-8FDC-42A3-9474-1A3956D46DE8}") = "tests", "tests", "{E3936D09-52A3-4997-88B6-72C1E66C7C90}"
EndProject
Project("{FAE04EC0-301F-11D3-BF4B-00C04F79EFBC}") = "Shackle.Tests", "tests\Shackle.Tests\Shackle.Tests.csproj", "{1BE31218-4A0D-46F6-A65A-6CD409822DC4}"
EndProject
Global
	GlobalSection(SolutionConfigurationPlatforms) = preSolution
		Debug|Any CPU = Debug|Any CPU
		Debug|x64 = Debug|x64
		Debug|x86 = Debug|x86
		Release|Any CPU = Release|Any CPU
		Release|x64 = Release|x64
		Release|x86 = Release|x86
	EndGlobalSection
	GlobalSection(SolutionProperties) = preSolution
		HideSolutionNode = FALSE
	EndGlobalSection
	GlobalSection(ProjectConfigurationPlatforms) = postSolution
		{F7B84621-C627-4738-8FA8-E2023E66C386}.Debug|Any CPU.ActiveCfg = Debug|Any CPU
		{F7B84621-C627-4738-8FA8-E2023E66C386}.Debug|Any CPU.Build.0 = Debug|Any CPU
		{F7B84621-C627-4738-8FA8-E2023E66C386}.Debug|x64.ActiveCfg = Debug|Any CPU
		{F7B84621-C627-4738-8FA8-E2023E66C386}.Debug|x64.Build.0 = Debug|Any CPU
		{F7B84621-C627-4738-8FA8-E2023E66C386}.Debug|x86.ActiveCfg = Debug|Any CPU
		{F7B84621-C627-4738-8FA8-E2023E66C386}.Debug|x86.Build.0 = Debug|Any CPU
		{F7B84621-C627-4738-8FA8-E2023E66C386}.Release|Any CPU.ActiveCfg = Release|Any CPU
		{F7B84621-C627-4738-8FA8-E2023E66C386}.Release|Any CPU.Build.0 = Release|Any CPU
		{F7B84621-C627-4738-8FA8-E2023E66C386}.Release|x64.ActiveCfg = Release|Any CPU
		{F7B84621-C627-4738-8FA8-E2023E66C386}.Release|x64.Build.0 = Release|Any CPU
		{F7B84621-C627-4738-8FA8-E2023E66C386}.Release|x86.ActiveCfg = Release|Any CPU
		{F7B84621-C627-4738-8FA8-E2023E66C386}.Release|x86.Build.0 = Release|Any CPU
		{1127C4E8-0049-48AC-9EC9-EAD715D363C7}.Debug|Any CPU.ActiveCfg = Debug|Any CPU
		{1127C4E8-0049-48AC-9EC9-EAD715D363C7}.Debug|Any CPU.Build.0 = Debug|Any CPU
		{1127C4E8-0049-48AC-9EC9-EAD715D363C7}.Debug|x64.ActiveCfg = Debug|Any CPU
		{1127C4E8-0049-48AC-9EC9-EAD715D363C7}.Debug|x64.Build.0 = Debug|Any CPU
		{1127C4E8-0049-48AC-9EC9-EAD715D363C7}.Debug|x86.ActiveCfg = Debug|Any CPU
		{1127C4E8-0049-48AC-9EC9-EAD715D363C7}.Debug|x86.Build.0 = Debug|Any CPU
		{1127C4E8-0049-48AC-9EC9-EAD715D363C7}.Release|Any CPU.ActiveCfg = Release|Any CPU
		{1127C4E8-0049-48AC-9EC9-EAD715D363C7}.Release|Any CPU.Build.0 = Release|Any CPU
		{1127C4E8-0049-48AC-9EC9-EAD715D363C7}.Release|x64.ActiveCfg = Release|Any CPU
		{1127C4E8-0049-48AC-9EC9-EAD715D363C7}.Release|x64.Build.0 = Release|Any CPU
		{1127C4E8-0049-48AC-9EC9-EAD715D363C7}.Release|x86.ActiveCfg = Release|Any CPU
		{1127C4E8-0049-48AC-9EC9-EAD715D363C7}.Release|x86.Build.0 = Release|Any CPU
		{CDE87EA9-1401-4FC1-94D1-78B02D6EFCDE}.Debug|Any CPU.ActiveCfg = Debug|Any CPU
		{CDE87EA9-1401-4FC1-94D1-78B02D6EFCDE}.Debug|Any CPU.Build.0 = Debug|Any CPU
		{CDE87EA9-1401-4FC1-94D1-78B02D6EFCDE}.Debug|x64.ActiveCfg = Debug|Any CPU
		{CDE87EA9-1401-4FC1-94D1-78B02D6EFCDE}.Debug|x64.Build.0 = Debug|Any CPU
		{CDE87EA9-1401-4FC1-94D1-78B02D6EFCDE}.Debug|x86.ActiveCfg = Debug|Any CPU
		{CDE87EA9-1401-4FC1-94D1-78B02D6EFCDE}.Debug|x86.Build.0 = Debug|Any CPU
		{CDE87EA9-1401-4FC1-94D1-78B02D6EFCDE}.Release|Any CPU.ActiveCfg = Release|Any CPU
		{CDE87EA9-1401-4FC1-94D1-78B02D6EFCDE}.Release|Any CPU.Build.0 = Release|Any CPU
		{CDE87EA9-1401-4FC1-94D1-78B02D6EFCDE}.Release|x64.ActiveCfg = Release|Any CPU
		{CDE87EA9-1401-4FC1-94D1-78B02D6EFCDE}.Release|x64.Build.0 = Release|Any CPU
		{CDE87EA9-1401-4FC1-94D1-78B02D6EFCDE}.Release|x86.ActiveCfg = Release|Any CPU
		{CDE87EA9-1401-4FC1-94D1-78B02D6EFCDE}.Release|x86.Build.0 = Release|Any CPU
		{08D2E022-0455-4BA3-A0CD-4D885E822961}.Debug|Any CPU.ActiveCfg = Debug|Any CPU
		{08D2E022-0455-4BA3-A0CD-4D885E822961}.Debug|Any CPU.Build.0 = Debug|Any CPU
		{08D2E022-0455-4BA3-A0CD-4D885E822961}.Debug|x64.ActiveCfg = Debug|Any CPU
		{08D2E022-0455-4BA3-A0CD-4D885E822961}.Debug|x64.Build.0 = Debug|Any CPU
		{08D2E022-0455-4BA3-A0CD-4D885E822961}.Debug|x86.ActiveCfg = Debug|Any CPU
		{08D2E022-0455-4BA3-A0CD-4D885E822961}.Debug|x86.Build.0 = Debug|Any CPU
		{08D2E022-0455-4BA3-A0CD-4D885E822961}.Release|Any CPU.ActiveCfg = Release|Any CPU
		{08D2E022-0455-4BA3-A0CD-4D885E822961}.Release|Any CPU.Build.0 = Release|Any CPU
		{08D2E022-0455-4BA3-A0CD-4D885E822961}.Release|x64.ActiveCfg = Release|Any CPU
		{08D2E022-0455-4BA3-A0CD-4D885E822961}.Release|x64.Build.0 = Release|Any CPU
		{08D2E022-0455-4BA3-A0CD-4D885E822961}.Release|x86.ActiveCfg = Release|Any CPU
		{08D2E022-0455-4BA3-A0CD-4D885E822961}.Release|x86.Build.0 = Release|Any CPU
		{1BE31218-4A0D-46F6-A65A-6CD409822DC4}.Debug|Any CPU.ActiveCfg = Debug|Any CPU
		{1BE31218-4A0D-46F6-A65A-6CD409822DC4}.Debug|Any CPU.Build.0 = Debug|Any CPU
		{1BE31218-4A0D-46F6-A65A-6CD409822DC4}.Debug|x64.ActiveCfg = Debug|Any CPU
		{1BE31218-4A0D-46F6-A65A-6CD409822DC4}.Debug|x64.Build.0 = Debug|Any CPU
		{1BE31218-4A0D-46F6-A65A-6CD409822DC4}.Debug|x86.ActiveCfg = Debug|Any CPU
		{1BE31218-4A0D-46F6-A65A-6CD409822DC4}.Debug|x86.Build.0 = Debug|Any CPU
		{1BE31218-4A0D-46F6-A65A-6CD409822DC4}.Release|Any CPU.ActiveCfg = Release|Any CPU
		{1BE31218-4A0D-46F6-A65A-6CD409822DC4}.Release|Any CPU.Build.0 = Release|Any CPU
		{1BE31218-4A0D-46F6-A65A-6CD409822DC4}.Release|x64.ActiveCfg = Release|Any CPU
		{1BE31218-4A0D-46F6-A65A-6CD409822DC4}.Release|x64.Build.0 = Release|Any CPU
		{1BE31218-4A0D-46F6-A65A-6CD409822DC4}.Release|x86.ActiveCfg = Release|Any CPU
		{1BE31218-4A0D-46F6-A65A-6CD409822DC4}.Release|x86.Build.0 = Release|Any CPU
	EndGlobalSection
	GlobalSection(NestedProjects) = preSolution
		{F7B84621-C627-4738-8FA8-E2023E66C386} = {BDBF95BC-E04F-4259-8EE1-BD388172F48D}
		{1127C4E8-0049-48AC-9EC9-EAD715D363C7} = {BDBF95BC-E04F-4259-8EE1-BD388172F48D}
		{CDE87EA9-1401-4FC1-94D1-78B02D6EFCDE} = {BDBF95BC-E04F-4259-8EE1-BD388172F48D}
		{08D2E022-0455-4BA3-A0CD-4D885E822961} = {BDBF95BC-E04F-4259-8EE1-BD388172F48D}
		{1BE31218-4A0D-46F6-A65A-6CD409822DC4} = {E3936D09-52A3-4997-88B6-72C1E66C7C90}
	EndGlobalSection
EndGlobal
